
Microsoft Visual Studio Solution File, Format Version 12.00
# Visual Studio Version 16
VisualStudioVersion = 16.0.30804.86
MinimumVisualStudioVersion = 10.0.40219.1
Project("{FAE04EC0-301F-11D3-BF4B-00C04F79EFBC}") = "PTM_predictor_c_sharp", "PTM_predictor_c_sharp.csproj", "{590F75AE-06EE-485D-AC2D-1B7E9BFDF718}"
EndProject
Global
	GlobalSection(SolutionConfigurationPlatforms) = preSolution
		Debug|Any CPU = Debug|Any CPU
		Release|Any CPU = Release|Any CPU
	EndGlobalSection
	GlobalSection(ProjectConfigurationPlatforms) = postSolution
		{590F75AE-06EE-485D-AC2D-1B7E9BFDF718}.Debug|Any CPU.ActiveCfg = Debug|Any CPU
		{590F75AE-06EE-485D-AC2D-1B7E9BFDF718}.Debug|Any CPU.Build.0 = Debug|Any CPU
		{590F75AE-06EE-485D-AC2D-1B7E9BFDF718}.Release|Any CPU.ActiveCfg = Release|Any CPU
		{590F75AE-06EE-485D-AC2D-1B7E9BFDF718}.Release|Any CPU.Build.0 = Release|Any CPU
	EndGlobalSection
	GlobalSection(SolutionProperties) = preSolution
		HideSolutionNode = FALSE
	EndGlobalSection
	GlobalSection(ExtensibilityGlobals) = postSolution
		SolutionGuid = {901D32A8-DE57-41AB-AEA2-2CA4BD14DF7C}
	EndGlobalSection
EndGlobal
